
Microsoft Visual Studio Solution File, Format Version 12.00
# Visual Studio Version 17
VisualStudioVersion = 17.0.31903.59
MinimumVisualStudioVersion = 10.0.40219.1
Project("{9A19103F-16F7-4668-BE54-9A1E7A4F7556}") = "Core", "src\backend\Core\Core.csproj", "{E382D3CD-BF61-40D7-BD1C-303EC84A2256}"
EndProject
Project("{9A19103F-16F7-4668-BE54-9A1E7A4F7556}") = "CrossCutting", "src\backend\CrossCutting\CrossCutting.csproj", "{9F0F9706-FC1D-4D49-9ACF-8BF36FE9F622}"
EndProject
Project("{9A19103F-16F7-4668-BE54-9A1E7A4F7556}") = "Domain", "src\backend\Domain\Domain.csproj", "{C3D4340D-B435-4460-ABED-EBE81107C4E9}"
EndProject
Project("{9A19103F-16F7-4668-BE54-9A1E7A4F7556}") = "Integration.AspNetCore", "src\backend\Integration.AspNetCore\Integration.AspNetCore.csproj", "{E4C15DA3-3960-44A9-9A3C-38D41B94E5B4}"
EndProject
Project("{2150E333-8FDC-42A3-9474-1A3956D46DE8}") = "src", "src", "{CAD1AE00-8609-4B9E-A8A4-38C9EDD38256}"
EndProject
Project("{2150E333-8FDC-42A3-9474-1A3956D46DE8}") = "backend", "backend", "{7107D696-BC2F-4CA0-8249-A3B7EB97B694}"
EndProject
Project("{2150E333-8FDC-42A3-9474-1A3956D46DE8}") = "frontend", "frontend", "{CA1895C9-0C21-46D8-A494-B5912AF3AF0E}"
EndProject
Project("{FAE04EC0-301F-11D3-BF4B-00C04F79EFBC}") = "Core", "src\frontend\Core\Core.csproj", "{80EC1685-83CC-4B60-AF74-6EDD6E70717B}"
EndProject
Project("{FAE04EC0-301F-11D3-BF4B-00C04F79EFBC}") = "Views", "src\frontend\Views\Views.csproj", "{1CC54523-748A-4435-9609-6E9580AFD2A6}"
EndProject
Project("{FAE04EC0-301F-11D3-BF4B-00C04F79EFBC}") = "Integration.Blazor.Server", "src\frontend\Integration.Blazor.Server\Integration.Blazor.Server.csproj", "{C34F6E7F-C07C-4B4E-8314-EC1A9E8827C1}"
EndProject
Project("{FAE04EC0-301F-11D3-BF4B-00C04F79EFBC}") = "Integration.Blazor.Wasm", "src\frontend\Integration.Blazor.Wasm\Integration.Blazor.Wasm.csproj", "{B5F1B46D-B0A1-4650-B967-4DC7D989A907}"
EndProject
Project("{9A19103F-16F7-4668-BE54-9A1E7A4F7556}") = "CrossCutting", "src\frontend\CrossCutting\CrossCutting.csproj", "{23337376-0E0A-4B73-BB06-BF47E8507D58}"
EndProject
Project("{2150E333-8FDC-42A3-9474-1A3956D46DE8}") = "Integration", "Integration", "{9D709231-328D-4EDB-80EB-A248D3E458D2}"
EndProject
Global
	GlobalSection(SolutionConfigurationPlatforms) = preSolution
		Debug|Any CPU = Debug|Any CPU
		Release|Any CPU = Release|Any CPU
	EndGlobalSection
	GlobalSection(ProjectConfigurationPlatforms) = postSolution
		{E382D3CD-BF61-40D7-BD1C-303EC84A2256}.Debug|Any CPU.ActiveCfg = Debug|Any CPU
		{E382D3CD-BF61-40D7-BD1C-303EC84A2256}.Debug|Any CPU.Build.0 = Debug|Any CPU
		{E382D3CD-BF61-40D7-BD1C-303EC84A2256}.Release|Any CPU.ActiveCfg = Release|Any CPU
		{E382D3CD-BF61-40D7-BD1C-303EC84A2256}.Release|Any CPU.Build.0 = Release|Any CPU
		{9F0F9706-FC1D-4D49-9ACF-8BF36FE9F622}.Debug|Any CPU.ActiveCfg = Debug|Any CPU
		{9F0F9706-FC1D-4D49-9ACF-8BF36FE9F622}.Debug|Any CPU.Build.0 = Debug|Any CPU
		{9F0F9706-FC1D-4D49-9ACF-8BF36FE9F622}.Release|Any CPU.ActiveCfg = Release|Any CPU
		{9F0F9706-FC1D-4D49-9ACF-8BF36FE9F622}.Release|Any CPU.Build.0 = Release|Any CPU
		{C3D4340D-B435-4460-ABED-EBE81107C4E9}.Debug|Any CPU.ActiveCfg = Debug|Any CPU
		{C3D4340D-B435-4460-ABED-EBE81107C4E9}.Debug|Any CPU.Build.0 = Debug|Any CPU
		{C3D4340D-B435-4460-ABED-EBE81107C4E9}.Release|Any CPU.ActiveCfg = Release|Any CPU
		{C3D4340D-B435-4460-ABED-EBE81107C4E9}.Release|Any CPU.Build.0 = Release|Any CPU
		{E4C15DA3-3960-44A9-9A3C-38D41B94E5B4}.Debug|Any CPU.ActiveCfg = Debug|Any CPU
		{E4C15DA3-3960-44A9-9A3C-38D41B94E5B4}.Debug|Any CPU.Build.0 = Debug|Any CPU
		{E4C15DA3-3960-44A9-9A3C-38D41B94E5B4}.Release|Any CPU.ActiveCfg = Release|Any CPU
		{E4C15DA3-3960-44A9-9A3C-38D41B94E5B4}.Release|Any CPU.Build.0 = Release|Any CPU
		{80EC1685-83CC-4B60-AF74-6EDD6E70717B}.Debug|Any CPU.ActiveCfg = Debug|Any CPU
		{80EC1685-83CC-4B60-AF74-6EDD6E70717B}.Debug|Any CPU.Build.0 = Debug|Any CPU
		{80EC1685-83CC-4B60-AF74-6EDD6E70717B}.Release|Any CPU.ActiveCfg = Release|Any CPU
		{80EC1685-83CC-4B60-AF74-6EDD6E70717B}.Release|Any CPU.Build.0 = Release|Any CPU
		{1CC54523-748A-4435-9609-6E9580AFD2A6}.Debug|Any CPU.ActiveCfg = Debug|Any CPU
		{1CC54523-748A-4435-9609-6E9580AFD2A6}.Debug|Any CPU.Build.0 = Debug|Any CPU
		{1CC54523-748A-4435-9609-6E9580AFD2A6}.Release|Any CPU.ActiveCfg = Release|Any CPU
		{1CC54523-748A-4435-9609-6E9580AFD2A6}.Release|Any CPU.Build.0 = Release|Any CPU
		{C34F6E7F-C07C-4B4E-8314-EC1A9E8827C1}.Debug|Any CPU.ActiveCfg = Debug|Any CPU
		{C34F6E7F-C07C-4B4E-8314-EC1A9E8827C1}.Debug|Any CPU.Build.0 = Debug|Any CPU
		{C34F6E7F-C07C-4B4E-8314-EC1A9E8827C1}.Release|Any CPU.ActiveCfg = Release|Any CPU
		{C34F6E7F-C07C-4B4E-8314-EC1A9E8827C1}.Release|Any CPU.Build.0 = Release|Any CPU
		{B5F1B46D-B0A1-4650-B967-4DC7D989A907}.Debug|Any CPU.ActiveCfg = Debug|Any CPU
		{B5F1B46D-B0A1-4650-B967-4DC7D989A907}.Debug|Any CPU.Build.0 = Debug|Any CPU
		{B5F1B46D-B0A1-4650-B967-4DC7D989A907}.Release|Any CPU.ActiveCfg = Release|Any CPU
		{B5F1B46D-B0A1-4650-B967-4DC7D989A907}.Release|Any CPU.Build.0 = Release|Any CPU
		{23337376-0E0A-4B73-BB06-BF47E8507D58}.Debug|Any CPU.ActiveCfg = Debug|Any CPU
		{23337376-0E0A-4B73-BB06-BF47E8507D58}.Debug|Any CPU.Build.0 = Debug|Any CPU
		{23337376-0E0A-4B73-BB06-BF47E8507D58}.Release|Any CPU.ActiveCfg = Release|Any CPU
		{23337376-0E0A-4B73-BB06-BF47E8507D58}.Release|Any CPU.Build.0 = Release|Any CPU
	EndGlobalSection
	GlobalSection(SolutionProperties) = preSolution
		HideSolutionNode = FALSE
	EndGlobalSection
	GlobalSection(NestedProjects) = preSolution
		{E382D3CD-BF61-40D7-BD1C-303EC84A2256} = {7107D696-BC2F-4CA0-8249-A3B7EB97B694}
		{9F0F9706-FC1D-4D49-9ACF-8BF36FE9F622} = {7107D696-BC2F-4CA0-8249-A3B7EB97B694}
		{C3D4340D-B435-4460-ABED-EBE81107C4E9} = {7107D696-BC2F-4CA0-8249-A3B7EB97B694}
		{E4C15DA3-3960-44A9-9A3C-38D41B94E5B4} = {7107D696-BC2F-4CA0-8249-A3B7EB97B694}
		{7107D696-BC2F-4CA0-8249-A3B7EB97B694} = {CAD1AE00-8609-4B9E-A8A4-38C9EDD38256}
		{CA1895C9-0C21-46D8-A494-B5912AF3AF0E} = {CAD1AE00-8609-4B9E-A8A4-38C9EDD38256}
		{80EC1685-83CC-4B60-AF74-6EDD6E70717B} = {CA1895C9-0C21-46D8-A494-B5912AF3AF0E}
		{1CC54523-748A-4435-9609-6E9580AFD2A6} = {CA1895C9-0C21-46D8-A494-B5912AF3AF0E}
		{C34F6E7F-C07C-4B4E-8314-EC1A9E8827C1} = {9D709231-328D-4EDB-80EB-A248D3E458D2}
		{B5F1B46D-B0A1-4650-B967-4DC7D989A907} = {9D709231-328D-4EDB-80EB-A248D3E458D2}
		{23337376-0E0A-4B73-BB06-BF47E8507D58} = {CA1895C9-0C21-46D8-A494-B5912AF3AF0E}
		{9D709231-328D-4EDB-80EB-A248D3E458D2} = {CA1895C9-0C21-46D8-A494-B5912AF3AF0E}
	EndGlobalSection
	GlobalSection(ExtensibilityGlobals) = postSolution
		SolutionGuid = {0F8C8B3B-9638-48D6-9106-72DC0651454E}
	EndGlobalSection
EndGlobal
